[[package]]
name = "numpy"
version = "2.2.2"
description = "Fundamental package for array computing in Python"
category = "main"
optional = false
python-versions = ">=3.10"

[[package]]
name = "opencv-python"
version = "4.11.0.86"
description = "Wrapper package for OpenCV python bindings."
category = "main"
optional = false
python-versions = ">=3.6"

[package.dependencies]
numpy = [
    {version = ">=1.21.2", markers = "python_version >= \"3.10\""},
    {version = ">=1.21.4", markers = "python_version >= \"3.10\" and platform_system == \"Darwin\""},
    {version = ">=1.23.5", markers = "python_version >= \"3.11\""},
    {version = ">=1.26.0", markers = "python_version >= \"3.12\""},
    {version = ">=1.19.3", markers = "python_version >= \"3.6\" and platform_system == \"Linux\" and platform_machine == \"aarch64\" or python_version >= \"3.9\""},
    {version = ">=1.17.0", markers = "python_version >= \"3.7\""},
    {version = ">=1.17.3", markers = "python_version >= \"3.8\""},
]

[[package]]
name = "packaging"
version = "24.2"
description = "Core utilities for Python packages"
category = "main"
optional = false
python-versions = ">=3.8"

[[package]]
name = "pillow"
version = "11.1.0"
description = "Python Imaging Library (Fork)"
category = "main"
optional = false
python-versions = ">=3.9"

[package.extras]
docs = ["furo", "olefile", "sphinx (>=8.1)", "sphinx-copybutton", "sphinx-inline-tabs", "sphinxext-opengraph"]
fpx = ["olefile"]
mic = ["olefile"]
tests = ["check-manifest", "coverage (>=7.4.2)", "defusedxml", "markdown2", "olefile", "packaging", "pyroma", "pytest", "pytest-cov", "pytest-timeout", "trove-classifiers (>=2024.10.12)"]
typing = ["typing-extensions"]
xmp = ["defusedxml"]

[[package]]
name = "pytesseract"
version = "0.3.13"
description = "Python-tesseract is a python wrapper for Google's Tesseract-OCR"
category = "main"
optional = false
python-versions = ">=3.8"

[package.dependencies]
packaging = ">=21.3"
Pillow = ">=8.0.0"

[metadata]
lock-version = "1.1"
python-versions = ">=3.10"
content-hash = "56a7c02ddccc028bf354153311d60ad0887549592e118e0a14ea07ff2bf62c5a"

[metadata.files]
numpy = []
opencv-python = []
packaging = []
pillow = []
pytesseract = []
